// !$*UTF8*$!
{
	archiveVersion = 1;
	classes = {
	};
	objectVersion = 50;
	objects = {

/* Begin PBXBuildFile section */
		DB617C5F20FE093E00B1058E /* AppDelegate.swift in Sources */ = {isa = PBXBuildFile; fileRef = DB617C5E20FE093E00B1058E /* AppDelegate.swift */; };
		DB617C6120FE093E00B1058E /* ViewController.swift in Sources */ = {isa = PBXBuildFile; fileRef = DB617C6020FE093E00B1058E /* ViewController.swift */; };
		DB617C6420FE093E00B1058E /* Main.storyboard in Resources */ = {isa = PBXBuildFile; fileRef = DB617C6220FE093E00B1058E /* Main.storyboard */; };
		DB617C6720FE093E00B1058E /* FacebookGraphAPI.xcdatamodeld in Sources */ = {isa = PBXBuildFile; fileRef = DB617C6520FE093E00B1058E /* FacebookGraphAPI.xcdatamodeld */; };
		DB617C6920FE093F00B1058E /* Assets.xcassets in Resources */ = {isa = PBXBuildFile; fileRef = DB617C6820FE093F00B1058E /* Assets.xcassets */; };
		DB617C6C20FE093F00B1058E /* LaunchScreen.storyboard in Resources */ = {isa = PBXBuildFile; fileRef = DB617C6A20FE093F00B1058E /* LaunchScreen.storyboard */; };
		DB617C7720FE093F00B1058E /* FacebookGraphAPITests.swift in Sources */ = {isa = PBXBuildFile; fileRef = DB617C7620FE093F00B1058E /* FacebookGraphAPITests.swift */; };
		DB617C8220FE093F00B1058E /* FacebookGraphAPIUITests.swift in Sources */ = {isa = PBXBuildFile; fileRef = DB617C8120FE093F00B1058E /* FacebookGraphAPIUITests.swift */; };
/* End PBXBuildFile section */

/* Begin PBXContainerItemProxy section */
		DB617C7320FE093F00B1058E /* PBXContainerItemProxy */ = {
			isa = PBXContainerItemProxy;
			containerPortal = DB617C5320FE093D00B1058E /* Project object */;
			proxyType = 1;
			remoteGlobalIDString = DB617C5A20FE093E00B1058E;
			remoteInfo = FacebookGraphAPI;
		};
		DB617C7E20FE093F00B1058E /* PBXContainerItemProxy */ = {
			isa = PBXContainerItemProxy;
			containerPortal = DB617C5320FE093D00B1058E /* Project object */;
			proxyType = 1;
			remoteGlobalIDString = DB617C5A20FE093E00B1058E;
			remoteInfo = FacebookGraphAPI;
		};
/* End PBXContainerItemProxy section */

/* Begin PBXFileReference section */
		DB617C5B20FE093E00B1058E /* FacebookGraphAPI.app */ = {isa = PBXFileReference; explicitFileType = wrapper.application; includeInIndex = 0; path = FacebookGraphAPI.app; sourceTree = BUILT_PRODUCTS_DIR; };
		DB617C5E20FE093E00B1058E /* AppDelegate.swift */ = {isa = PBXFileReference; lastKnownFileType = sourcecode.swift; path = AppDelegate.swift; sourceTree = "<group>"; };
		DB617C6020FE093E00B1058E /* ViewController.swift */ = {isa = PBXFileReference; lastKnownFileType = sourcecode.swift; path = ViewController.swift; sourceTree = "<group>"; };
		DB617C6320FE093E00B1058E /* Base */ = {isa = PBXFileReference; lastKnownFileType = file.storyboard; name = Base; path = Base.lproj/Main.storyboard; sourceTree = "<group>"; };
		DB617C6620FE093E00B1058E /* FacebookGraphAPI.xcdatamodel */ = {isa = PBXFileReference; lastKnownFileType = wrapper.xcdatamodel; path = FacebookGraphAPI.xcdatamodel; sourceTree = "<group>"; };
		DB617C6820FE093F00B1058E /* Assets.xcassets */ = {isa = PBXFileReference; lastKnownFileType = folder.assetcatalog; path = Assets.xcassets; sourceTree = "<group>"; };
		DB617C6B20FE093F00B1058E /* Base */ = {isa = PBXFileReference; lastKnownFileType = file.storyboard; name = Base; path = Base.lproj/LaunchScreen.storyboard; sourceTree = "<group>"; };
		DB617C6D20FE093F00B1058E /* Info.plist */ = {isa = PBXFileReference; lastKnownFileType = text.plist.xml; path = Info.plist; sourceTree = "<group>"; };
		DB617C7220FE093F00B1058E /* FacebookGraphAPITests.xctest */ = {isa = PBXFileReference; explicitFileType = wrapper.cfbundle; includeInIndex = 0; path = FacebookGraphAPITests.xctest; sourceTree = BUILT_PRODUCTS_DIR; };
		DB617C7620FE093F00B1058E /* FacebookGraphAPITests.swift */ = {isa = PBXFileReference; lastKnownFileType = sourcecode.swift; path = FacebookGraphAPITests.swift; sourceTree = "<group>"; };
		DB617C7820FE093F00B1058E /* Info.plist */ = {isa = PBXFileReference; lastKnownFileType = text.plist.xml; path = Info.plist; sourceTree = "<group>"; };
		DB617C7D20FE093F00B1058E /* FacebookGraphAPIUITests.xctest */ = {isa = PBXFileReference; explicitFileType = wrapper.cfbundle; includeInIndex = 0; path = FacebookGraphAPIUITests.xctest; sourceTree = BUILT_PRODUCTS_DIR; };
		DB617C8120FE093F00B1058E /* FacebookGraphAPIUITests.swift */ = {isa = PBXFileReference; lastKnownFileType = sourcecode.swift; path = FacebookGraphAPIUITests.swift; sourceTree = "<group>"; };
		DB617C8320FE093F00B1058E /* Info.plist */ = {isa = PBXFileReference; lastKnownFileType = text.plist.xml; path = Info.plist; sourceTree = "<group>"; };
/* End PBXFileReference section */

/* Begin PBXFrameworksBuildPhase section */
		DB617C5820FE093E00B1058E /* Frameworks */ = {
			isa = PBXFrameworksBuildPhase;
			buildActionMask = 2147483647;
			files = (
			);
			runOnlyForDeploymentPostprocessing = 0;
		};
		DB617C6F20FE093F00B1058E /* Frameworks */ = {
			isa = PBXFrameworksBuildPhase;
			buildActionMask = 2147483647;
			files = (
			);
			runOnlyForDeploymentPostprocessing = 0;
		};
		DB617C7A20FE093F00B1058E /* Frameworks */ = {
			isa = PBXFrameworksBuildPhase;
			buildActionMask = 2147483647;
			files = (
			);
			runOnlyForDeploymentPostprocessing = 0;
		};
/* End PBXFrameworksBuildPhase section */

/* Begin PBXGroup section */
		DB617C5220FE093D00B1058E = {
			isa = PBXGroup;
			children = (
				DB617C5D20FE093E00B1058E /* FacebookGraphAPI */,
				DB617C7520FE093F00B1058E /* FacebookGraphAPITests */,
				DB617C8020FE093F00B1058E /* FacebookGraphAPIUITests */,
				DB617C5C20FE093E00B1058E /* Products */,
			);
			sourceTree = "<group>";
		};
		DB617C5C20FE093E00B1058E /* Products */ = {
			isa = PBXGroup;
			children = (
				DB617C5B20FE093E00B1058E /* FacebookGraphAPI.app */,
				DB617C7220FE093F00B1058E /* FacebookGraphAPITests.xctest */,
				DB617C7D20FE093F00B1058E /* FacebookGraphAPIUITests.xctest */,
			);
			name = Products;
			sourceTree = "<group>";
		};
		DB617C5D20FE093E00B1058E /* FacebookGraphAPI */ = {
			isa = PBXGroup;
			children = (
				DB617C5E20FE093E00B1058E /* AppDelegate.swift */,
				DB617C6020FE093E00B1058E /* ViewController.swift */,
				DB617C6220FE093E00B1058E /* Main.storyboard */,
				DB617C6820FE093F00B1058E /* Assets.xcassets */,
				DB617C6A20FE093F00B1058E /* LaunchScreen.storyboard */,
				DB617C6D20FE093F00B1058E /* Info.plist */,
				DB617C6520FE093E00B1058E /* FacebookGraphAPI.xcdatamodeld */,
			);
			path = FacebookGraphAPI;
			sourceTree = "<group>";
		};
		DB617C7520FE093F00B1058E /* FacebookGraphAPITests */ = {
			isa = PBXGroup;
			children = (
				DB617C7620FE093F00B1058E /* FacebookGraphAPITests.swift */,
				DB617C7820FE093F00B1058E /* Info.plist */,
			);
			path = FacebookGraphAPITests;
			sourceTree = "<group>";
		};
		DB617C8020FE093F00B1058E /* FacebookGraphAPIUITests */ = {
			isa = PBXGroup;
			children = (
				DB617C8120FE093F00B1058E /* FacebookGraphAPIUITests.swift */,
				DB617C8320FE093F00B1058E /* Info.plist */,
			);
			path = FacebookGraphAPIUITests;
			sourceTree = "<group>";
		};
/* End PBXGroup section */

/* Begin PBXNativeTarget section */
		DB617C5A20FE093E00B1058E /* FacebookGraphAPI */ = {
			isa = PBXNativeTarget;
			buildConfigurationList = DB617C8620FE093F00B1058E /* Build configuration list for PBXNativeTarget "FacebookGraphAPI" */;
			buildPhases = (
				DB617C5720FE093E00B1058E /* Sources */,
				DB617C5820FE093E00B1058E /* Frameworks */,
				DB617C5920FE093E00B1058E /* Resources */,
			);
			buildRules = (
			);
			dependencies = (
			);
			name = FacebookGraphAPI;
			productName = FacebookGraphAPI;
			productReference = DB617C5B20FE093E00B1058E /* FacebookGraphAPI.app */;
			productType = "com.apple.product-type.application";
		};
		DB617C7120FE093F00B1058E /* FacebookGraphAPITests */ = {
			isa = PBXNativeTarget;
			buildConfigurationList = DB617C8920FE093F00B1058E /* Build configuration list for PBXNativeTarget "FacebookGraphAPITests" */;
			buildPhases = (
				DB617C6E20FE093F00B1058E /* Sources */,
				DB617C6F20FE093F00B1058E /* Frameworks */,
				DB617C7020FE093F00B1058E /* Resources */,
			);
			buildRules = (
			);
			dependencies = (
				DB617C7420FE093F00B1058E /* PBXTargetDependency */,
			);
			name = FacebookGraphAPITests;
			productName = FacebookGraphAPITests;
			productReference = DB617C7220FE093F00B1058E /* FacebookGraphAPITests.xctest */;
			productType = "com.apple.product-type.bundle.unit-test";
		};
		DB617C7C20FE093F00B1058E /* FacebookGraphAPIUITests */ = {
			isa = PBXNativeTarget;
			buildConfigurationList = DB617C8C20FE093F00B1058E /* Build configuration list for PBXNativeTarget "FacebookGraphAPIUITests" */;
			buildPhases = (
				DB617C7920FE093F00B1058E /* Sources */,
				DB617C7A20FE093F00B1058E /* Frameworks */,
				DB617C7B20FE093F00B1058E /* Resources */,
			);
			buildRules = (
			);
			dependencies = (
				DB617C7F20FE093F00B1058E /* PBXTargetDependency */,
			);
			name = FacebookGraphAPIUITests;
			productName = FacebookGraphAPIUITests;
			productReference = DB617C7D20FE093F00B1058E /* FacebookGraphAPIUITests.xctest */;
			productType = "com.apple.product-type.bundle.ui-testing";
		};
/* End PBXNativeTarget section */

/* Begin PBXProject section */
		DB617C5320FE093D00B1058E /* Project object */ = {
			isa = PBXProject;
			attributes = {
				LastSwiftUpdateCheck = 0940;
				LastUpgradeCheck = 0940;
				ORGANIZATIONNAME = "Joe Elwell";
				TargetAttributes = {
					DB617C5A20FE093E00B1058E = {
						CreatedOnToolsVersion = 9.4;
					};
					DB617C7120FE093F00B1058E = {
						CreatedOnToolsVersion = 9.4;
						TestTargetID = DB617C5A20FE093E00B1058E;
					};
					DB617C7C20FE093F00B1058E = {
						CreatedOnToolsVersion = 9.4;
						TestTargetID = DB617C5A20FE093E00B1058E;
					};
				};
			};
			buildConfigurationList = DB617C5620FE093D00B1058E /* Build configuration list for PBXProject "FacebookGraphAPI" */;
			compatibilityVersion = "Xcode 9.3";
			developmentRegion = en;
			hasScannedForEncodings = 0;
			knownRegions = (
				en,
				Base,
			);
			mainGroup = DB617C5220FE093D00B1058E;
			productRefGroup = DB617C5C20FE093E00B1058E /* Products */;
			projectDirPath = "";
			projectRoot = "";
			targets = (
				DB617C5A20FE093E00B1058E /* FacebookGraphAPI */,
				DB617C7120FE093F00B1058E /* FacebookGraphAPITests */,
				DB617C7C20FE093F00B1058E /* FacebookGraphAPIUITests */,
			);
		};
/* End PBXProject section */

/* Begin PBXResourcesBuildPhase section */
		DB617C5920FE093E00B1058E /* Resources */ = {
			isa = PBXResourcesBuildPhase;
			buildActionMask = 2147483647;
			files = (
				DB617C6C20FE093F00B1058E /* LaunchScreen.storyboard in Resources */,
				DB617C6920FE093F00B1058E /* Assets.xcassets in Resources */,
				DB617C6420FE093E00B1058E /* Main.storyboard in Resources */,
			);
			runOnlyForDeploymentPostprocessing = 0;
		};
		DB617C7020FE093F00B1058E /* Resources */ = {
			isa = PBXResourcesBuildPhase;
			buildActionMask = 2147483647;
			files = (
			);
			runOnlyForDeploymentPostprocessing = 0;
		};
		DB617C7B20FE093F00B1058E /* Resources */ = {
			isa = PBXResourcesBuildPhase;
			buildActionMask = 2147483647;
			files = (
			);
			runOnlyForDeploymentPostprocessing = 0;
		};
/* End PBXResourcesBuildPhase section */

/* Begin PBXSourcesBuildPhase section */
		DB617C5720FE093E00B1058E /* Sources */ = {
			isa = PBXSourcesBuildPhase;
			buildActionMask = 2147483647;
			files = (
				DB617C6120FE093E00B1058E /* ViewController.swift in Sources */,
				DB617C6720FE093E00B1058E /* FacebookGraphAPI.xcdatamodeld in Sources */,
				DB617C5F20FE093E00B1058E /* AppDelegate.swift in Sources */,
			);
			runOnlyForDeploymentPostprocessing = 0;
		};
		DB617C6E20FE093F00B1058E /* Sources */ = {
			isa = PBXSourcesBuildPhase;
			buildActionMask = 2147483647;
			files = (
				DB617C7720FE093F00B1058E /* FacebookGraphAPITests.swift in Sources */,
			);
			runOnlyForDeploymentPostprocessing = 0;
		};
		DB617C7920FE093F00B1058E /* Sources */ = {
			isa = PBXSourcesBuildPhase;
			buildActionMask = 2147483647;
			files = (
				DB617C8220FE093F00B1058E /* FacebookGraphAPIUITests.swift in Sources */,
			);
			runOnlyForDeploymentPostprocessing = 0;
		};
/* End PBXSourcesBuildPhase section */

/* Begin PBXTargetDependency section */
		DB617C7420FE093F00B1058E /* PBXTargetDependency */ = {
			isa = PBXTargetDependency;
			target = DB617C5A20FE093E00B1058E /* FacebookGraphAPI */;
			targetProxy = DB617C7320FE093F00B1058E /* PBXContainerItemProxy */;
		};
		DB617C7F20FE093F00B1058E /* PBXTargetDependency */ = {
			isa = PBXTargetDependency;
			target = DB617C5A20FE093E00B1058E /* FacebookGraphAPI */;
			targetProxy = DB617C7E20FE093F00B1058E /* PBXContainerItemProxy */;
		};
/* End PBXTargetDependency section */

/* Begin PBXVariantGroup section */
		DB617C6220FE093E00B1058E /* Main.storyboard */ = {
			isa = PBXVariantGroup;
			children = (
				DB617C6320FE093E00B1058E /* Base */,
			);
			name = Main.storyboard;
			sourceTree = "<group>";
		};
		DB617C6A20FE093F00B1058E /* LaunchScreen.storyboard */ = {
			isa = PBXVariantGroup;
			children = (
				DB617C6B20FE093F00B1058E /* Base */,
			);
			name = LaunchScreen.storyboard;
			sourceTree = "<group>";
		};
/* End PBXVariantGroup section */

/* Begin XCBuildConfiguration section */
		DB617C8420FE093F00B1058E /* Debug */ = {
			isa = XCBuildConfiguration;
			buildSettings = {
				ALWAYS_SEARCH_USER_PATHS = NO;
				CLANG_ANALYZER_NONNULL = YES;
				CLANG_ANALYZER_NUMBER_OBJECT_CONVERSION = YES_AGGRESSIVE;
				CLANG_CXX_LANGUAGE_STANDARD = "gnu++14";
				CLANG_CXX_LIBRARY = "libc++";
				CLANG_ENABLE_MODULES = YES;
				CLANG_ENABLE_OBJC_ARC = YES;
				CLANG_ENABLE_OBJC_WEAK = YES;
				CLANG_WARN_BLOCK_CAPTURE_AUTORELEASING = YES;
				CLANG_WARN_BOOL_CONVERSION = YES;
				CLANG_WARN_COMMA = YES;
				CLANG_WARN_CONSTANT_CONVERSION = YES;
				CLANG_WARN_DEPRECATED_OBJC_IMPLEMENTATIONS = YES;
				CLANG_WARN_DIRECT_OBJC_ISA_USAGE = YES_ERROR;
				CLANG_WARN_DOCUMENTATION_COMMENTS = YES;
				CLANG_WARN_EMPTY_BODY = YES;
				CLANG_WARN_ENUM_CONVERSION = YES;
				CLANG_WARN_INFINITE_RECURSION = YES;
				CLANG_WARN_INT_CONVERSION = YES;
				CLANG_WARN_NON_LITERAL_NULL_CONVERSION = YES;
				CLANG_WARN_OBJC_IMPLICIT_RETAIN_SELF = YES;
				CLANG_WARN_OBJC_LITERAL_CONVERSION = YES;
				CLANG_WARN_OBJC_ROOT_CLASS = YES_ERROR;
				CLANG_WARN_RANGE_LOOP_ANALYSIS = YES;
				CLANG_WARN_STRICT_PROTOTYPES = YES;
				CLANG_WARN_SUSPICIOUS_MOVE = YES;
				CLANG_WARN_UNGUARDED_AVAILABILITY = YES_AGGRESSIVE;
				CLANG_WARN_UNREACHABLE_CODE = YES;
				CLANG_WARN__DUPLICATE_METHOD_MATCH = YES;
				CODE_SIGN_IDENTITY = "iPhone Developer";
				COPY_PHASE_STRIP = NO;
				DEBUG_INFORMATION_FORMAT = dwarf;
				ENABLE_STRICT_OBJC_MSGSEND = YES;
				ENABLE_TESTABILITY = YES;
				GCC_C_LANGUAGE_STANDARD = gnu11;
				GCC_DYNAMIC_NO_PIC = NO;
				GCC_NO_COMMON_BLOCKS = YES;
				GCC_OPTIMIZATION_LEVEL = 0;
				GCC_PREPROCESSOR_DEFINITIONS = (
					"DEBUG=1",
					"$(inherited)",
				);
				GCC_WARN_64_TO_32_BIT_CONVERSION = YES;
				GCC_WARN_ABOUT_RETURN_TYPE = YES_ERROR;
				GCC_WARN_UNDECLARED_SELECTOR = YES;
				GCC_WARN_UNINITIALIZED_AUTOS = YES_AGGRESSIVE;
				GCC_WARN_UNUSED_FUNCTION = YES;
				GCC_WARN_UNUSED_VARIABLE = YES;
				IPHONEOS_DEPLOYMENT_TARGET = 11.4;
				MTL_ENABLE_DEBUG_INFO = YES;
				ONLY_ACTIVE_ARCH = YES;
				SDKROOT = iphoneos;
				SWIFT_ACTIVE_COMPILATION_CONDITIONS = DEBUG;
				SWIFT_OPTIMIZATION_LEVEL = "-Onone";
			};
			name = Debug;
		};
		DB617C8520FE093F00B1058E /* Release */ = {
			isa = XCBuildConfiguration;
			buildSettings = {
				ALWAYS_SEARCH_USER_PATHS = NO;
				CLANG_ANALYZER_NONNULL = YES;
				CLANG_ANALYZER_NUMBER_OBJECT_CONVERSION = YES_AGGRESSIVE;
				CLANG_CXX_LANGUAGE_STANDARD = "gnu++14";
				CLANG_CXX_LIBRARY = "libc++";
				CLANG_ENABLE_MODULES = YES;
				CLANG_ENABLE_OBJC_ARC = YES;
				CLANG_ENABLE_OBJC_WEAK = YES;
				CLANG_WARN_BLOCK_CAPTURE_AUTORELEASING = YES;
				CLANG_WARN_BOOL_CONVERSION = YES;
				CLANG_WARN_COMMA = YES;
				CLANG_WARN_CONSTANT_CONVERSION = YES;
				CLANG_WARN_DEPRECATED_OBJC_IMPLEMENTATIONS = YES;
				CLANG_WARN_DIRECT_OBJC_ISA_USAGE = YES_ERROR;
				CLANG_WARN_DOCUMENTATION_COMMENTS = YES;
				CLANG_WARN_EMPTY_BODY = YES;
				CLANG_WARN_ENUM_CONVERSION = YES;
				CLANG_WARN_INFINITE_RECURSION = YES;
				CLANG_WARN_INT_CONVERSION = YES;
				CLANG_WARN_NON_LITERAL_NULL_CONVERSION = YES;
				CLANG_WARN_OBJC_IMPLICIT_RETAIN_SELF = YES;
				CLANG_WARN_OBJC_LITERAL_CONVERSION = YES;
				CLANG_WARN_OBJC_ROOT_CLASS = YES_ERROR;
				CLANG_WARN_RANGE_LOOP_ANALYSIS = YES;
				CLANG_WARN_STRICT_PROTOTYPES = YES;
				CLANG_WARN_SUSPICIOUS_MOVE = YES;
				CLANG_WARN_UNGUARDED_AVAILABILITY = YES_AGGRESSIVE;
				CLANG_WARN_UNREACHABLE_CODE = YES;
				CLANG_WARN__DUPLICATE_METHOD_MATCH = YES;
				CODE_SIGN_IDENTITY = "iPhone Developer";
				COPY_PHASE_STRIP = NO;
				DEBUG_INFORMATION_FORMAT = "dwarf-with-dsym";
				ENABLE_NS_ASSERTIONS = NO;
				ENABLE_STRICT_OBJC_MSGSEND = YES;
				GCC_C_LANGUAGE_STANDARD = gnu11;
				GCC_NO_COMMON_BLOCKS = YES;
				GCC_WARN_64_TO_32_BIT_CONVERSION = YES;
				GCC_WARN_ABOUT_RETURN_TYPE = YES_ERROR;
				GCC_WARN_UNDECLARED_SELECTOR = YES;
				GCC_WARN_UNINITIALIZED_AUTOS = YES_AGGRESSIVE;
				GCC_WARN_UNUSED_FUNCTION = YES;
				GCC_WARN_UNUSED_VARIABLE = YES;
				IPHONEOS_DEPLOYMENT_TARGET = 11.4;
				MTL_ENABLE_DEBUG_INFO = NO;
				SDKROOT = iphoneos;
				SWIFT_COMPILATION_MODE = wholemodule;
				SWIFT_OPTIMIZATION_LEVEL = "-O";
				VALIDATE_PRODUCT = YES;
			};
			name = Release;
		};
		DB617C8720FE093F00B1058E /* Debug */ = {
			isa = XCBuildConfiguration;
			buildSettings = {
				ASSETCATALOG_COMPILER_APPICON_NAME = AppIcon;
				CODE_SIGN_STYLE = Automatic;
				DEVELOPMENT_TEAM = C8DKE563AY;
				INFOPLIST_FILE = FacebookGraphAPI/Info.plist;
				LD_RUNPATH_SEARCH_PATHS = (
					"$(inherited)",
					"@executable_path/Frameworks",
				);
				PRODUCT_BUNDLE_IDENTIFIER = com.organicspanners.FacebookGraphAPI;
				PRODUCT_NAME = "$(TARGET_NAME)";
				SWIFT_VERSION = 4.0;
				TARGETED_DEVICE_FAMILY = "1,2";
			};
			name = Debug;
		};
		DB617C8820FE093F00B1058E /* Release */ = {
			isa = XCBuildConfiguration;
			buildSettings = {
				ASSETCATALOG_COMPILER_APPICON_NAME = AppIcon;
				CODE_SIGN_STYLE = Automatic;
				DEVELOPMENT_TEAM = C8DKE563AY;
				INFOPLIST_FILE = FacebookGraphAPI/Info.plist;
				LD_RUNPATH_SEARCH_PATHS = (
					"$(inherited)",
					"@executable_path/Frameworks",
				);
				PRODUCT_BUNDLE_IDENTIFIER = com.organicspanners.FacebookGraphAPI;
				PRODUCT_NAME = "$(TARGET_NAME)";
				SWIFT_VERSION = 4.0;
				TARGETED_DEVICE_FAMILY = "1,2";
			};
			name = Release;
		};
		DB617C8A20FE093F00B1058E /* Debug */ = {
			isa = XCBuildConfiguration;
			buildSettings = {
				ALWAYS_EMBED_SWIFT_STANDARD_LIBRARIES = YES;
				BUNDLE_LOADER = "$(TEST_HOST)";
				CODE_SIGN_STYLE = Automatic;
				DEVELOPMENT_TEAM = C8DKE563AY;
				INFOPLIST_FILE = FacebookGraphAPITests/Info.plist;
				LD_RUNPATH_SEARCH_PATHS = (
					"$(inherited)",
					"@executable_path/Frameworks",
					"@loader_path/Frameworks",
				);
				PRODUCT_BUNDLE_IDENTIFIER = com.organicspanners.FacebookGraphAPITests;
				PRODUCT_NAME = "$(TARGET_NAME)";
				SWIFT_VERSION = 4.0;
				TARGETED_DEVICE_FAMILY = "1,2";
				TEST_HOST = "$(BUILT_PRODUCTS_DIR)/FacebookGraphAPI.app/FacebookGraphAPI";
			};
			name = Debug;
		};
		DB617C8B20FE093F00B1058E /* Release */ = {
			isa = XCBuildConfiguration;
			buildSettings = {
				ALWAYS_EMBED_SWIFT_STANDARD_LIBRARIES = YES;
				BUNDLE_LOADER = "$(TEST_HOST)";
				CODE_SIGN_STYLE = Automatic;
				DEVELOPMENT_TEAM = C8DKE563AY;
				INFOPLIST_FILE = FacebookGraphAPITests/Info.plist;
				LD_RUNPATH_SEARCH_PATHS = (
					"$(inherited)",
					"@executable_path/Frameworks",
					"@loader_path/Frameworks",
				);
				PRODUCT_BUNDLE_IDENTIFIER = com.organicspanners.FacebookGraphAPITests;
				PRODUCT_NAME = "$(TARGET_NAME)";
				SWIFT_VERSION = 4.0;
				TARGETED_DEVICE_FAMILY = "1,2";
				TEST_HOST = "$(BUILT_PRODUCTS_DIR)/FacebookGraphAPI.app/FacebookGraphAPI";
			};
			name = Release;
		};
		DB617C8D20FE093F00B1058E /* Debug */ = {
			isa = XCBuildConfiguration;
			buildSettings = {
				ALWAYS_EMBED_SWIFT_STANDARD_LIBRARIES = YES;
				CODE_SIGN_STYLE = Automatic;
				DEVELOPMENT_TEAM = C8DKE563AY;
				INFOPLIST_FILE = FacebookGraphAPIUITests/Info.plist;
				LD_RUNPATH_SEARCH_PATHS = (
					"$(inherited)",
					"@executable_path/Frameworks",
					"@loader_path/Frameworks",
				);
				PRODUCT_BUNDLE_IDENTIFIER = com.organicspanners.FacebookGraphAPIUITests;
				PRODUCT_NAME = "$(TARGET_NAME)";
				SWIFT_VERSION = 4.0;
				TARGETED_DEVICE_FAMILY = "1,2";
				TEST_TARGET_NAME = FacebookGraphAPI;
			};
			name = Debug;
		};
		DB617C8E20FE093F00B1058E /* Release */ = {
			isa = XCBuildConfiguration;
			buildSettings = {
				ALWAYS_EMBED_SWIFT_STANDARD_LIBRARIES = YES;
				CODE_SIGN_STYLE = Automatic;
				DEVELOPMENT_TEAM = C8DKE563AY;
				INFOPLIST_FILE = FacebookGraphAPIUITests/Info.plist;
				LD_RUNPATH_SEARCH_PATHS = (
					"$(inherited)",
					"@executable_path/Frameworks",
					"@loader_path/Frameworks",
				);
				PRODUCT_BUNDLE_IDENTIFIER = com.organicspanners.FacebookGraphAPIUITests;
				PRODUCT_NAME = "$(TARGET_NAME)";
				SWIFT_VERSION = 4.0;
				TARGETED_DEVICE_FAMILY = "1,2";
				TEST_TARGET_NAME = FacebookGraphAPI;
			};
			name = Release;
		};
/* End XCBuildConfiguration section */

/* Begin XCConfigurationList section */
		DB617C5620FE093D00B1058E /* Build configuration list for PBXProject "FacebookGraphAPI" */ = {
			isa = XCConfigurationList;
			buildConfigurations = (
				DB617C8420FE093F00B1058E /* Debug */,
				DB617C8520FE093F00B1058E /* Release */,
			);
			defaultConfigurationIsVisible = 0;
			defaultConfigurationName = Release;
		};
		DB617C8620FE093F00B1058E /* Build configuration list for PBXNativeTarget "FacebookGraphAPI" */ = {
			isa = XCConfigurationList;
			buildConfigurations = (
				DB617C8720FE093F00B1058E /* Debug */,
				DB617C8820FE093F00B1058E /* Release */,
			);
			defaultConfigurationIsVisible = 0;
			defaultConfigurationName = Release;
		};
		DB617C8920FE093F00B1058E /* Build configuration list for PBXNativeTarget "FacebookGraphAPITests" */ = {
			isa = XCConfigurationList;
			buildConfigurations = (
				DB617C8A20FE093F00B1058E /* Debug */,
				DB617C8B20FE093F00B1058E /* Release */,
			);
			defaultConfigurationIsVisible = 0;
			defaultConfigurationName = Release;
		};
		DB617C8C20FE093F00B1058E /* Build configuration list for PBXNativeTarget "FacebookGraphAPIUITests" */ = {
			isa = XCConfigurationList;
			buildConfigurations = (
				DB617C8D20FE093F00B1058E /* Debug */,
				DB617C8E20FE093F00B1058E /* Release */,
			);
			defaultConfigurationIsVisible = 0;
			defaultConfigurationName = Release;
		};
/* End XCConfigurationList section */

/* Begin XCVersionGroup section */
		DB617C6520FE093E00B1058E /* FacebookGraphAPI.xcdatamodeld */ = {
			isa = XCVersionGroup;
			children = (
				DB617C6620FE093E00B1058E /* FacebookGraphAPI.xcdatamodel */,
			);
			currentVersion = DB617C6620FE093E00B1058E /* FacebookGraphAPI.xcdatamodel */;
			path = FacebookGraphAPI.xcdatamodeld;
			sourceTree = "<group>";
			versionGroupType = wrapper.xcdatamodel;
		};
/* End XCVersionGroup section */
	};
	rootObject = DB617C5320FE093D00B1058E /* Project object */;
}
